// !$*UTF8*$!
{
	archiveVersion = 1;
	classes = {
	};
	objectVersion = 56;
	objects = {

/* Begin PBXBuildFile section */
		4764B1232C42D92000815053 /* ScrumdingerApp.swift in Sources */ = {isa = PBXBuildFile; fileRef = 4764B1222C42D92000815053 /* ScrumdingerApp.swift */; };
		4764B1252C42D92000815053 /* MeetingView.swift in Sources */ = {isa = PBXBuildFile; fileRef = 4764B1242C42D92000815053 /* MeetingView.swift */; };
		4764B12A2C42D92200815053 /* Preview Assets.xcassets in Resources */ = {isa = PBXBuildFile; fileRef = 4764B1292C42D92200815053 /* Preview Assets.xcassets */; };
		4764B1342C42D92300815053 /* ScrumdingerTests.swift in Sources */ = {isa = PBXBuildFile; fileRef = 4764B1332C42D92300815053 /* ScrumdingerTests.swift */; };
		4764B13E2C42D92300815053 /* ScrumdingerUITests.swift in Sources */ = {isa = PBXBuildFile; fileRef = 4764B13D2C42D92300815053 /* ScrumdingerUITests.swift */; };
		4764B1402C42D92300815053 /* ScrumdingerUITestsLaunchTests.swift in Sources */ = {isa = PBXBuildFile; fileRef = 4764B13F2C42D92300815053 /* ScrumdingerUITestsLaunchTests.swift */; };
		4764B14D2C42E77000815053 /* Assets.xcassets in Resources */ = {isa = PBXBuildFile; fileRef = 4764B14C2C42E77000815053 /* Assets.xcassets */; };
		4764B1562C42ECDB00815053 /* CardView.swift in Sources */ = {isa = PBXBuildFile; fileRef = 4764B1552C42ECDB00815053 /* CardView.swift */; };
		4764B1612C42EDEE00815053 /* DailyScrum.swift in Sources */ = {isa = PBXBuildFile; fileRef = 4764B1602C42EDEE00815053 /* DailyScrum.swift */; };
		4764B1652C42EEA500815053 /* Theme.swift in Sources */ = {isa = PBXBuildFile; fileRef = 4764B1642C42EEA500815053 /* Theme.swift */; };
		4764B1672C43BE7A00815053 /* TrailingIconLabelStyle.swift in Sources */ = {isa = PBXBuildFile; fileRef = 4764B1662C43BE7A00815053 /* TrailingIconLabelStyle.swift */; };
		4764B1692C43C9FC00815053 /* ScrumsView.swift in Sources */ = {isa = PBXBuildFile; fileRef = 4764B1682C43C9FC00815053 /* ScrumsView.swift */; };
		4769BDD12C46C96A00E1AFE8 /* DetailEditView.swift in Sources */ = {isa = PBXBuildFile; fileRef = 4769BDD02C46C96A00E1AFE8 /* DetailEditView.swift */; };
		476FF2382C4575BA00EB7E8A /* DetailView.swift in Sources */ = {isa = PBXBuildFile; fileRef = 476FF2372C4575BA00EB7E8A /* DetailView.swift */; };
		4775D3292C5946E90067E441 /* ScrumStore.swift in Sources */ = {isa = PBXBuildFile; fileRef = 4775D3282C5946E90067E441 /* ScrumStore.swift */; };
		4783DB682C4BE8AF0079A351 /* MeetingHeaderView.swift in Sources */ = {isa = PBXBuildFile; fileRef = 4783DB672C4BE8AF0079A351 /* MeetingHeaderView.swift */; };
		4783DB6B2C4BECC10079A351 /* ScrumProgressViewStyle.swift in Sources */ = {isa = PBXBuildFile; fileRef = 4783DB6A2C4BECC10079A351 /* ScrumProgressViewStyle.swift */; };
		4783DB6D2C4BED3A0079A351 /* ScrumTimer.swift in Sources */ = {isa = PBXBuildFile; fileRef = 4783DB6C2C4BED3A0079A351 /* ScrumTimer.swift */; };
		4783DB6F2C4BED690079A351 /* AVPlayer.swift in Sources */ = {isa = PBXBuildFile; fileRef = 4783DB6E2C4BED690079A351 /* AVPlayer.swift */; };
		4783DB712C4D75330079A351 /* MeetingFooterView.swift in Sources */ = {isa = PBXBuildFile; fileRef = 4783DB702C4D75330079A351 /* MeetingFooterView.swift */; };
		47C950B72C54E0CB00F0200D /* History.swift in Sources */ = {isa = PBXBuildFile; fileRef = 47C950B62C54E0CB00F0200D /* History.swift */; };
		47DE82F32C52B503004D925F /* NewScrumSheet.swift in Sources */ = {isa = PBXBuildFile; fileRef = 47DE82F22C52B503004D925F /* NewScrumSheet.swift */; };
		47E0D1F42C5012250070BE97 /* ding.wav in Resources */ = {isa = PBXBuildFile; fileRef = 47E0D1F22C5012250070BE97 /* ding.wav */; };
		47EC1FDF2C4809E700D87BAA /* ThemeView.swift in Sources */ = {isa = PBXBuildFile; fileRef = 47EC1FDE2C4809E700D87BAA /* ThemeView.swift */; };
		47EC1FE12C480CD700D87BAA /* ThemePicker.swift in Sources */ = {isa = PBXBuildFile; fileRef = 47EC1FE02C480CD700D87BAA /* ThemePicker.swift */; };
/* End PBXBuildFile section */

/* Begin PBXContainerItemProxy section */
		4764B1302C42D92300815053 /* PBXContainerItemProxy */ = {
			isa = PBXContainerItemProxy;
			containerPortal = 4764B1172C42D92000815053 /* Project object */;
			proxyType = 1;
			remoteGlobalIDString = 4764B11E2C42D92000815053;
			remoteInfo = Scrumdinger;
		};
		4764B13A2C42D92300815053 /* PBXContainerItemProxy */ = {
			isa = PBXContainerItemProxy;
			containerPortal = 4764B1172C42D92000815053 /* Project object */;
			proxyType = 1;
			remoteGlobalIDString = 4764B11E2C42D92000815053;
			remoteInfo = Scrumdinger;
		};
/* End PBXContainerItemProxy section */

/* Begin PBXFileReference section */
		4764B11F2C42D92000815053 /* Scrumdinger.app */ = {isa = PBXFileReference; explicitFileType = wrapper.application; includeInIndex = 0; path = Scrumdinger.app; sourceTree = BUILT_PRODUCTS_DIR; };
		4764B1222C42D92000815053 /* ScrumdingerApp.swift */ = {isa = PBXFileReference; lastKnownFileType = sourcecode.swift; path = ScrumdingerApp.swift; sourceTree = "<group>"; };
		4764B1242C42D92000815053 /* MeetingView.swift */ = {isa = PBXFileReference; lastKnownFileType = sourcecode.swift; path = MeetingView.swift; sourceTree = "<group>"; };
		4764B1292C42D92200815053 /* Preview Assets.xcassets */ = {isa = PBXFileReference; lastKnownFileType = folder.assetcatalog; path = "Preview Assets.xcassets"; sourceTree = "<group>"; };
		4764B12F2C42D92300815053 /* ScrumdingerTests.xctest */ = {isa = PBXFileReference; explicitFileType = wrapper.cfbundle; includeInIndex = 0; path = ScrumdingerTests.xctest; sourceTree = BUILT_PRODUCTS_DIR; };
		4764B1332C42D92300815053 /* ScrumdingerTests.swift */ = {isa = PBXFileReference; lastKnownFileType = sourcecode.swift; path = ScrumdingerTests.swift; sourceTree = "<group>"; };
		4764B1392C42D92300815053 /* ScrumdingerUITests.xctest */ = {isa = PBXFileReference; explicitFileType = wrapper.cfbundle; includeInIndex = 0; path = ScrumdingerUITests.xctest; sourceTree = BUILT_PRODUCTS_DIR; };
		4764B13D2C42D92300815053 /* ScrumdingerUITests.swift */ = {isa = PBXFileReference; lastKnownFileType = sourcecode.swift; path = ScrumdingerUITests.swift; sourceTree = "<group>"; };
		4764B13F2C42D92300815053 /* ScrumdingerUITestsLaunchTests.swift */ = {isa = PBXFileReference; lastKnownFileType = sourcecode.swift; path = ScrumdingerUITestsLaunchTests.swift; sourceTree = "<group>"; };
		4764B14C2C42E77000815053 /* Assets.xcassets */ = {isa = PBXFileReference; lastKnownFileType = folder.assetcatalog; name = Assets.xcassets; path = ../../../Downloads/CreatingACardView/StartingProject/Scrumdinger/Assets.xcassets; sourceTree = "<group>"; };
		4764B1552C42ECDB00815053 /* CardView.swift */ = {isa = PBXFileReference; lastKnownFileType = sourcecode.swift; path = CardView.swift; sourceTree = "<group>"; };
		4764B1602C42EDEE00815053 /* DailyScrum.swift */ = {isa = PBXFileReference; lastKnownFileType = sourcecode.swift; path = DailyScrum.swift; sourceTree = "<group>"; };
		4764B1642C42EEA500815053 /* Theme.swift */ = {isa = PBXFileReference; lastKnownFileType = sourcecode.swift; path = Theme.swift; sourceTree = "<group>"; };
		4764B1662C43BE7A00815053 /* TrailingIconLabelStyle.swift */ = {isa = PBXFileReference; lastKnownFileType = sourcecode.swift; path = TrailingIconLabelStyle.swift; sourceTree = "<group>"; };
		4764B1682C43C9FC00815053 /* ScrumsView.swift */ = {isa = PBXFileReference; lastKnownFileType = sourcecode.swift; path = ScrumsView.swift; sourceTree = "<group>"; };
		4769BDD02C46C96A00E1AFE8 /* DetailEditView.swift */ = {isa = PBXFileReference; lastKnownFileType = sourcecode.swift; name = DetailEditView.swift; path = Scrumdinger/Views/DetailEditView.swift; sourceTree = SOURCE_ROOT; };
		476FF2372C4575BA00EB7E8A /* DetailView.swift */ = {isa = PBXFileReference; lastKnownFileType = sourcecode.swift; path = DetailView.swift; sourceTree = "<group>"; };
		4775D3282C5946E90067E441 /* ScrumStore.swift */ = {isa = PBXFileReference; lastKnownFileType = sourcecode.swift; path = ScrumStore.swift; sourceTree = "<group>"; };
		4783DB672C4BE8AF0079A351 /* MeetingHeaderView.swift */ = {isa = PBXFileReference; lastKnownFileType = sourcecode.swift; path = MeetingHeaderView.swift; sourceTree = "<group>"; };
		4783DB6A2C4BECC10079A351 /* ScrumProgressViewStyle.swift */ = {isa = PBXFileReference; lastKnownFileType = sourcecode.swift; path = ScrumProgressViewStyle.swift; sourceTree = "<group>"; };
		4783DB6C2C4BED3A0079A351 /* ScrumTimer.swift */ = {isa = PBXFileReference; lastKnownFileType = sourcecode.swift; path = ScrumTimer.swift; sourceTree = "<group>"; };
		4783DB6E2C4BED690079A351 /* AVPlayer.swift */ = {isa = PBXFileReference; lastKnownFileType = sourcecode.swift; path = AVPlayer.swift; sourceTree = "<group>"; };
		4783DB702C4D75330079A351 /* MeetingFooterView.swift */ = {isa = PBXFileReference; lastKnownFileType = sourcecode.swift; path = MeetingFooterView.swift; sourceTree = "<group>"; };
		47C950B62C54E0CB00F0200D /* History.swift */ = {isa = PBXFileReference; lastKnownFileType = sourcecode.swift; path = History.swift; sourceTree = "<group>"; };
		47DE82F22C52B503004D925F /* NewScrumSheet.swift */ = {isa = PBXFileReference; lastKnownFileType = sourcecode.swift; path = NewScrumSheet.swift; sourceTree = "<group>"; };
		47E0D1F22C5012250070BE97 /* ding.wav */ = {isa = PBXFileReference; lastKnownFileType = audio.wav; path = ding.wav; sourceTree = "<group>"; };
		47EC1FDE2C4809E700D87BAA /* ThemeView.swift */ = {isa = PBXFileReference; lastKnownFileType = sourcecode.swift; path = ThemeView.swift; sourceTree = "<group>"; };
		47EC1FE02C480CD700D87BAA /* ThemePicker.swift */ = {isa = PBXFileReference; lastKnownFileType = sourcecode.swift; path = ThemePicker.swift; sourceTree = "<group>"; };
/* End PBXFileReference section */

/* Begin PBXFrameworksBuildPhase section */
		4764B11C2C42D92000815053 /* Frameworks */ = {
			isa = PBXFrameworksBuildPhase;
			buildActionMask = 2147483647;
			files = (
			);
			runOnlyForDeploymentPostprocessing = 0;
		};
		4764B12C2C42D92300815053 /* Frameworks */ = {
			isa = PBXFrameworksBuildPhase;
			buildActionMask = 2147483647;
			files = (
			);
			runOnlyForDeploymentPostprocessing = 0;
		};
		4764B1362C42D92300815053 /* Frameworks */ = {
			isa = PBXFrameworksBuildPhase;
			buildActionMask = 2147483647;
			files = (
			);
			runOnlyForDeploymentPostprocessing = 0;
		};
/* End PBXFrameworksBuildPhase section */

/* Begin PBXGroup section */
		4764B1162C42D92000815053 = {
			isa = PBXGroup;
			children = (
				4764B1212C42D92000815053 /* Scrumdinger */,
				4764B1322C42D92300815053 /* ScrumdingerTests */,
				4764B13C2C42D92300815053 /* ScrumdingerUITests */,
				4764B1202C42D92000815053 /* Products */,
			);
			sourceTree = "<group>";
		};
		4764B1202C42D92000815053 /* Products */ = {
			isa = PBXGroup;
			children = (
				4764B11F2C42D92000815053 /* Scrumdinger.app */,
				4764B12F2C42D92300815053 /* ScrumdingerTests.xctest */,
				4764B1392C42D92300815053 /* ScrumdingerUITests.xctest */,
			);
			name = Products;
			sourceTree = "<group>";
		};
		4764B1212C42D92000815053 /* Scrumdinger */ = {
			isa = PBXGroup;
			children = (
				47E0D1F32C5012250070BE97 /* Resources */,
				4783DB692C4BEC110079A351 /* Views */,
				4764B14E2C42E7B800815053 /* Models */,
				4764B14C2C42E77000815053 /* Assets.xcassets */,
				4764B1222C42D92000815053 /* ScrumdingerApp.swift */,
				4764B1282C42D92200815053 /* Preview Content */,
			);
			path = Scrumdinger;
			sourceTree = "<group>";
		};
		4764B1282C42D92200815053 /* Preview Content */ = {
			isa = PBXGroup;
			children = (
				4764B1292C42D92200815053 /* Preview Assets.xcassets */,
			);
			path = "Preview Content";
			sourceTree = "<group>";
		};
		4764B1322C42D92300815053 /* ScrumdingerTests */ = {
			isa = PBXGroup;
			children = (
				4764B1332C42D92300815053 /* ScrumdingerTests.swift */,
			);
			path = ScrumdingerTests;
			sourceTree = "<group>";
		};
		4764B13C2C42D92300815053 /* ScrumdingerUITests */ = {
			isa = PBXGroup;
			children = (
				4764B13D2C42D92300815053 /* ScrumdingerUITests.swift */,
				4764B13F2C42D92300815053 /* ScrumdingerUITestsLaunchTests.swift */,
			);
			path = ScrumdingerUITests;
			sourceTree = "<group>";
		};
		4764B14E2C42E7B800815053 /* Models */ = {
			isa = PBXGroup;
			children = (
				4764B1602C42EDEE00815053 /* DailyScrum.swift */,
				4764B1642C42EEA500815053 /* Theme.swift */,
				4783DB6C2C4BED3A0079A351 /* ScrumTimer.swift */,
				4783DB6E2C4BED690079A351 /* AVPlayer.swift */,
				47C950B62C54E0CB00F0200D /* History.swift */,
				4775D3282C5946E90067E441 /* ScrumStore.swift */,
			);
			path = Models;
			sourceTree = "<group>";
		};
		4783DB692C4BEC110079A351 /* Views */ = {
			isa = PBXGroup;
			children = (
				4764B1662C43BE7A00815053 /* TrailingIconLabelStyle.swift */,
				4764B1682C43C9FC00815053 /* ScrumsView.swift */,
				4764B1552C42ECDB00815053 /* CardView.swift */,
				476FF2372C4575BA00EB7E8A /* DetailView.swift */,
				4783DB672C4BE8AF0079A351 /* MeetingHeaderView.swift */,
				47EC1FDE2C4809E700D87BAA /* ThemeView.swift */,
				4764B1242C42D92000815053 /* MeetingView.swift */,
				4769BDD02C46C96A00E1AFE8 /* DetailEditView.swift */,
				47EC1FE02C480CD700D87BAA /* ThemePicker.swift */,
				4783DB6A2C4BECC10079A351 /* ScrumProgressViewStyle.swift */,
				4783DB702C4D75330079A351 /* MeetingFooterView.swift */,
				47DE82F22C52B503004D925F /* NewScrumSheet.swift */,
			);
			path = Views;
			sourceTree = "<group>";
		};
		47E0D1F32C5012250070BE97 /* Resources */ = {
			isa = PBXGroup;
			children = (
				47E0D1F22C5012250070BE97 /* ding.wav */,
			);
			name = Resources;
			path = ../../../Downloads/ManagingStateAndLifeCycle/Complete/Scrumdinger/Resources;
			sourceTree = "<group>";
		};
/* End PBXGroup section */

/* Begin PBXNativeTarget section */
		4764B11E2C42D92000815053 /* Scrumdinger */ = {
			isa = PBXNativeTarget;
			buildConfigurationList = 4764B1432C42D92300815053 /* Build configuration list for PBXNativeTarget "Scrumdinger" */;
			buildPhases = (
				4764B11B2C42D92000815053 /* Sources */,
				4764B11C2C42D92000815053 /* Frameworks */,
				4764B11D2C42D92000815053 /* Resources */,
			);
			buildRules = (
			);
			dependencies = (
			);
			name = Scrumdinger;
			productName = Scrumdinger;
			productReference = 4764B11F2C42D92000815053 /* Scrumdinger.app */;
			productType = "com.apple.product-type.application";
		};
		4764B12E2C42D92300815053 /* ScrumdingerTests */ = {
			isa = PBXNativeTarget;
			buildConfigurationList = 4764B1462C42D92300815053 /* Build configuration list for PBXNativeTarget "ScrumdingerTests" */;
			buildPhases = (
				4764B12B2C42D92300815053 /* Sources */,
				4764B12C2C42D92300815053 /* Frameworks */,
				4764B12D2C42D92300815053 /* Resources */,
			);
			buildRules = (
			);
			dependencies = (
				4764B1312C42D92300815053 /* PBXTargetDependency */,
			);
			name = ScrumdingerTests;
			productName = ScrumdingerTests;
			productReference = 4764B12F2C42D92300815053 /* ScrumdingerTests.xctest */;
			productType = "com.apple.product-type.bundle.unit-test";
		};
		4764B1382C42D92300815053 /* ScrumdingerUITests */ = {
			isa = PBXNativeTarget;
			buildConfigurationList = 4764B1492C42D92300815053 /* Build configuration list for PBXNativeTarget "ScrumdingerUITests" */;
			buildPhases = (
				4764B1352C42D92300815053 /* Sources */,
				4764B1362C42D92300815053 /* Frameworks */,
				4764B1372C42D92300815053 /* Resources */,
			);
			buildRules = (
			);
			dependencies = (
				4764B13B2C42D92300815053 /* PBXTargetDependency */,
			);
			name = ScrumdingerUITests;
			productName = ScrumdingerUITests;
			productReference = 4764B1392C42D92300815053 /* ScrumdingerUITests.xctest */;
			productType = "com.apple.product-type.bundle.ui-testing";
		};
/* End PBXNativeTarget section */

/* Begin PBXProject section */
		4764B1172C42D92000815053 /* Project object */ = {
			isa = PBXProject;
			attributes = {
				BuildIndependentTargetsInParallel = 1;
				LastSwiftUpdateCheck = 1540;
				LastUpgradeCheck = 1540;
				TargetAttributes = {
					4764B11E2C42D92000815053 = {
						CreatedOnToolsVersion = 15.4;
					};
					4764B12E2C42D92300815053 = {
						CreatedOnToolsVersion = 15.4;
						TestTargetID = 4764B11E2C42D92000815053;
					};
					4764B1382C42D92300815053 = {
						CreatedOnToolsVersion = 15.4;
						TestTargetID = 4764B11E2C42D92000815053;
					};
				};
			};
			buildConfigurationList = 4764B11A2C42D92000815053 /* Build configuration list for PBXProject "Scrumdinger" */;
			compatibilityVersion = "Xcode 14.0";
			developmentRegion = en;
			hasScannedForEncodings = 0;
			knownRegions = (
				en,
				Base,
			);
			mainGroup = 4764B1162C42D92000815053;
			productRefGroup = 4764B1202C42D92000815053 /* Products */;
			projectDirPath = "";
			projectRoot = "";
			targets = (
				4764B11E2C42D92000815053 /* Scrumdinger */,
				4764B12E2C42D92300815053 /* ScrumdingerTests */,
				4764B1382C42D92300815053 /* ScrumdingerUITests */,
			);
		};
/* End PBXProject section */

/* Begin PBXResourcesBuildPhase section */
		4764B11D2C42D92000815053 /* Resources */ = {
			isa = PBXResourcesBuildPhase;
			buildActionMask = 2147483647;
			files = (
				47E0D1F42C5012250070BE97 /* ding.wav in Resources */,
				4764B12A2C42D92200815053 /* Preview Assets.xcassets in Resources */,
				4764B14D2C42E77000815053 /* Assets.xcassets in Resources */,
			);
			runOnlyForDeploymentPostprocessing = 0;
		};
		4764B12D2C42D92300815053 /* Resources */ = {
			isa = PBXResourcesBuildPhase;
			buildActionMask = 2147483647;
			files = (
			);
			runOnlyForDeploymentPostprocessing = 0;
		};
		4764B1372C42D92300815053 /* Resources */ = {
			isa = PBXResourcesBuildPhase;
			buildActionMask = 2147483647;
			files = (
			);
			runOnlyForDeploymentPostprocessing = 0;
		};
/* End PBXResourcesBuildPhase section */

/* Begin PBXSourcesBuildPhase section */
		4764B11B2C42D92000815053 /* Sources */ = {
			isa = PBXSourcesBuildPhase;
			buildActionMask = 2147483647;
			files = (
				47C950B72C54E0CB00F0200D /* History.swift in Sources */,
				47EC1FE12C480CD700D87BAA /* ThemePicker.swift in Sources */,
				4783DB6B2C4BECC10079A351 /* ScrumProgressViewStyle.swift in Sources */,
				4783DB6D2C4BED3A0079A351 /* ScrumTimer.swift in Sources */,
				4764B1252C42D92000815053 /* MeetingView.swift in Sources */,
				476FF2382C4575BA00EB7E8A /* DetailView.swift in Sources */,
				4775D3292C5946E90067E441 /* ScrumStore.swift in Sources */,
				4783DB712C4D75330079A351 /* MeetingFooterView.swift in Sources */,
				4783DB682C4BE8AF0079A351 /* MeetingHeaderView.swift in Sources */,
				4769BDD12C46C96A00E1AFE8 /* DetailEditView.swift in Sources */,
				47DE82F32C52B503004D925F /* NewScrumSheet.swift in Sources */,
				4764B1672C43BE7A00815053 /* TrailingIconLabelStyle.swift in Sources */,
				4764B1232C42D92000815053 /* ScrumdingerApp.swift in Sources */,
				4764B1692C43C9FC00815053 /* ScrumsView.swift in Sources */,
				4764B1652C42EEA500815053 /* Theme.swift in Sources */,
				4764B1612C42EDEE00815053 /* DailyScrum.swift in Sources */,
				47EC1FDF2C4809E700D87BAA /* ThemeView.swift in Sources */,
				4764B1562C42ECDB00815053 /* CardView.swift in Sources */,
				4783DB6F2C4BED690079A351 /* AVPlayer.swift in Sources */,
			);
			runOnlyForDeploymentPostprocessing = 0;
		};
		4764B12B2C42D92300815053 /* Sources */ = {
			isa = PBXSourcesBuildPhase;
			buildActionMask = 2147483647;
			files = (
				4764B1342C42D92300815053 /* ScrumdingerTests.swift in Sources */,
			);
			runOnlyForDeploymentPostprocessing = 0;
		};
		4764B1352C42D92300815053 /* Sources */ = {
			isa = PBXSourcesBuildPhase;
			buildActionMask = 2147483647;
			files = (
				4764B1402C42D92300815053 /* ScrumdingerUITestsLaunchTests.swift in Sources */,
				4764B13E2C42D92300815053 /* ScrumdingerUITests.swift in Sources */,
			);
			runOnlyForDeploymentPostprocessing = 0;
		};
/* End PBXSourcesBuildPhase section */

/* Begin PBXTargetDependency section */
		4764B1312C42D92300815053 /* PBXTargetDependency */ = {
			isa = PBXTargetDependency;
			target = 4764B11E2C42D92000815053 /* Scrumdinger */;
			targetProxy = 4764B1302C42D92300815053 /* PBXContainerItemProxy */;
		};
		4764B13B2C42D92300815053 /* PBXTargetDependency */ = {
			isa = PBXTargetDependency;
			target = 4764B11E2C42D92000815053 /* Scrumdinger */;
			targetProxy = 4764B13A2C42D92300815053 /* PBXContainerItemProxy */;
		};
/* End PBXTargetDependency section */

/* Begin XCBuildConfiguration section */
		4764B1412C42D92300815053 /* Debug */ = {
			isa = XCBuildConfiguration;
			buildSettings = {
				ALWAYS_SEARCH_USER_PATHS = NO;
				ASSETCATALOG_COMPILER_GENERATE_SWIFT_ASSET_SYMBOL_EXTENSIONS = YES;
				CLANG_ANALYZER_NONNULL = YES;
				CLANG_ANALYZER_NUMBER_OBJECT_CONVERSION = YES_AGGRESSIVE;
				CLANG_CXX_LANGUAGE_STANDARD = "gnu++20";
				CLANG_ENABLE_MODULES = YES;
				CLANG_ENABLE_OBJC_ARC = YES;
				CLANG_ENABLE_OBJC_WEAK = YES;
				CLANG_WARN_BLOCK_CAPTURE_AUTORELEASING = YES;
				CLANG_WARN_BOOL_CONVERSION = YES;
				CLANG_WARN_COMMA = YES;
				CLANG_WARN_CONSTANT_CONVERSION = YES;
				CLANG_WARN_DEPRECATED_OBJC_IMPLEMENTATIONS = YES;
				CLANG_WARN_DIRECT_OBJC_ISA_USAGE = YES_ERROR;
				CLANG_WARN_DOCUMENTATION_COMMENTS = YES;
				CLANG_WARN_EMPTY_BODY = YES;
				CLANG_WARN_ENUM_CONVERSION = YES;
				CLANG_WARN_INFINITE_RECURSION = YES;
				CLANG_WARN_INT_CONVERSION = YES;
				CLANG_WARN_NON_LITERAL_NULL_CONVERSION = YES;
				CLANG_WARN_OBJC_IMPLICIT_RETAIN_SELF = YES;
				CLANG_WARN_OBJC_LITERAL_CONVERSION = YES;
				CLANG_WARN_OBJC_ROOT_CLASS = YES_ERROR;
				CLANG_WARN_QUOTED_INCLUDE_IN_FRAMEWORK_HEADER = YES;
				CLANG_WARN_RANGE_LOOP_ANALYSIS = YES;
				CLANG_WARN_STRICT_PROTOTYPES = YES;
				CLANG_WARN_SUSPICIOUS_MOVE = YES;
				CLANG_WARN_UNGUARDED_AVAILABILITY = YES_AGGRESSIVE;
				CLANG_WARN_UNREACHABLE_CODE = YES;
				CLANG_WARN__DUPLICATE_METHOD_MATCH = YES;
				COPY_PHASE_STRIP = NO;
				DEBUG_INFORMATION_FORMAT = dwarf;
				ENABLE_STRICT_OBJC_MSGSEND = YES;
				ENABLE_TESTABILITY = YES;
				ENABLE_USER_SCRIPT_SANDBOXING = YES;
				GCC_C_LANGUAGE_STANDARD = gnu17;
				GCC_DYNAMIC_NO_PIC = NO;
				GCC_NO_COMMON_BLOCKS = YES;
				GCC_OPTIMIZATION_LEVEL = 0;
				GCC_PREPROCESSOR_DEFINITIONS = (
					"DEBUG=1",
					"$(inherited)",
				);
				GCC_WARN_64_TO_32_BIT_CONVERSION = YES;
				GCC_WARN_ABOUT_RETURN_TYPE = YES_ERROR;
				GCC_WARN_UNDECLARED_SELECTOR = YES;
				GCC_WARN_UNINITIALIZED_AUTOS = YES_AGGRESSIVE;
				GCC_WARN_UNUSED_FUNCTION = YES;
				GCC_WARN_UNUSED_VARIABLE = YES;
				IPHONEOS_DEPLOYMENT_TARGET = 17.5;
				LOCALIZATION_PREFERS_STRING_CATALOGS = YES;
				MTL_ENABLE_DEBUG_INFO = INCLUDE_SOURCE;
				MTL_FAST_MATH = YES;
				ONLY_ACTIVE_ARCH = YES;
				SDKROOT = iphoneos;
				SWIFT_ACTIVE_COMPILATION_CONDITIONS = "DEBUG $(inherited)";
				SWIFT_OPTIMIZATION_LEVEL = "-Onone";
			};
			name = Debug;
		};
		4764B1422C42D92300815053 /* Release */ = {
			isa = XCBuildConfiguration;
			buildSettings = {
				ALWAYS_SEARCH_USER_PATHS = NO;
				ASSETCATALOG_COMPILER_GENERATE_SWIFT_ASSET_SYMBOL_EXTENSIONS = YES;
				CLANG_ANALYZER_NONNULL = YES;
				CLANG_ANALYZER_NUMBER_OBJECT_CONVERSION = YES_AGGRESSIVE;
				CLANG_CXX_LANGUAGE_STANDARD = "gnu++20";
				CLANG_ENABLE_MODULES = YES;
				CLANG_ENABLE_OBJC_ARC = YES;
				CLANG_ENABLE_OBJC_WEAK = YES;
				CLANG_WARN_BLOCK_CAPTURE_AUTORELEASING = YES;
				CLANG_WARN_BOOL_CONVERSION = YES;
				CLANG_WARN_COMMA = YES;
				CLANG_WARN_CONSTANT_CONVERSION = YES;
				CLANG_WARN_DEPRECATED_OBJC_IMPLEMENTATIONS = YES;
				CLANG_WARN_DIRECT_OBJC_ISA_USAGE = YES_ERROR;
				CLANG_WARN_DOCUMENTATION_COMMENTS = YES;
				CLANG_WARN_EMPTY_BODY = YES;
				CLANG_WARN_ENUM_CONVERSION = YES;
				CLANG_WARN_INFINITE_RECURSION = YES;
				CLANG_WARN_INT_CONVERSION = YES;
				CLANG_WARN_NON_LITERAL_NULL_CONVERSION = YES;
				CLANG_WARN_OBJC_IMPLICIT_RETAIN_SELF = YES;
				CLANG_WARN_OBJC_LITERAL_CONVERSION = YES;
				CLANG_WARN_OBJC_ROOT_CLASS = YES_ERROR;
				CLANG_WARN_QUOTED_INCLUDE_IN_FRAMEWORK_HEADER = YES;
				CLANG_WARN_RANGE_LOOP_ANALYSIS = YES;
				CLANG_WARN_STRICT_PROTOTYPES = YES;
				CLANG_WARN_SUSPICIOUS_MOVE = YES;
				CLANG_WARN_UNGUARDED_AVAILABILITY = YES_AGGRESSIVE;
				CLANG_WARN_UNREACHABLE_CODE = YES;
				CLANG_WARN__DUPLICATE_METHOD_MATCH = YES;
				COPY_PHASE_STRIP = NO;
				DEBUG_INFORMATION_FORMAT = "dwarf-with-dsym";
				ENABLE_NS_ASSERTIONS = NO;
				ENABLE_STRICT_OBJC_MSGSEND = YES;
				ENABLE_USER_SCRIPT_SANDBOXING = YES;
				GCC_C_LANGUAGE_STANDARD = gnu17;
				GCC_NO_COMMON_BLOCKS = YES;
				GCC_WARN_64_TO_32_BIT_CONVERSION = YES;
				GCC_WARN_ABOUT_RETURN_TYPE = YES_ERROR;
				GCC_WARN_UNDECLARED_SELECTOR = YES;
				GCC_WARN_UNINITIALIZED_AUTOS = YES_AGGRESSIVE;
				GCC_WARN_UNUSED_FUNCTION = YES;
				GCC_WARN_UNUSED_VARIABLE = YES;
				IPHONEOS_DEPLOYMENT_TARGET = 17.5;
				LOCALIZATION_PREFERS_STRING_CATALOGS = YES;
				MTL_ENABLE_DEBUG_INFO = NO;
				MTL_FAST_MATH = YES;
				SDKROOT = iphoneos;
				SWIFT_COMPILATION_MODE = wholemodule;
				VALIDATE_PRODUCT = YES;
			};
			name = Release;
		};
		4764B1442C42D92300815053 /* Debug */ = {
			isa = XCBuildConfiguration;
			buildSettings = {
				ASSETCATALOG_COMPILER_APPICON_NAME = AppIcon;
				ASSETCATALOG_COMPILER_GLOBAL_ACCENT_COLOR_NAME = AccentColor;
				CODE_SIGN_STYLE = Automatic;
				CURRENT_PROJECT_VERSION = 1;
				DEVELOPMENT_ASSET_PATHS = "\"Scrumdinger/Preview Content\"";
				ENABLE_PREVIEWS = YES;
				GENERATE_INFOPLIST_FILE = YES;
				INFOPLIST_KEY_UIApplicationSceneManifest_Generation = YES;
				INFOPLIST_KEY_UIApplicationSupportsIndirectInputEvents = YES;
				INFOPLIST_KEY_UILaunchScreen_Generation = YES;
				INFOPLIST_KEY_UISupportedInterfaceOrientations_iPad = "UIInterfaceOrientationPortrait UIInterfaceOrientationPortraitUpsideDown UIInterfaceOrientationLandscapeLeft UIInterfaceOrientationLandscapeRight";
				INFOPLIST_KEY_UISupportedInterfaceOrientations_iPhone = "UIInterfaceOrientationPortrait UIInterfaceOrientationLandscapeLeft UIInterfaceOrientationLandscapeRight";
				LD_RUNPATH_SEARCH_PATHS = (
					"$(inherited)",
					"@executable_path/Frameworks",
				);
				MARKETING_VERSION = 1.0;
				PRODUCT_BUNDLE_IDENTIFIER = sam.Scrumdinger;
				PRODUCT_NAME = "$(TARGET_NAME)";
				SWIFT_EMIT_LOC_STRINGS = YES;
				SWIFT_VERSION = 5.0;
				TARGETED_DEVICE_FAMILY = "1,2";
			};
			name = Debug;
		};
		4764B1452C42D92300815053 /* Release */ = {
			isa = XCBuildConfiguration;
			buildSettings = {
				ASSETCATALOG_COMPILER_APPICON_NAME = AppIcon;
				ASSETCATALOG_COMPILER_GLOBAL_ACCENT_COLOR_NAME = AccentColor;
				CODE_SIGN_STYLE = Automatic;
				CURRENT_PROJECT_VERSION = 1;
				DEVELOPMENT_ASSET_PATHS = "\"Scrumdinger/Preview Content\"";
				ENABLE_PREVIEWS = YES;
				GENERATE_INFOPLIST_FILE = YES;
				INFOPLIST_KEY_UIApplicationSceneManifest_Generation = YES;
				INFOPLIST_KEY_UIApplicationSupportsIndirectInputEvents = YES;
				INFOPLIST_KEY_UILaunchScreen_Generation = YES;
				INFOPLIST_KEY_UISupportedInterfaceOrientations_iPad = "UIInterfaceOrientationPortrait UIInterfaceOrientationPortraitUpsideDown UIInterfaceOrientationLandscapeLeft UIInterfaceOrientationLandscapeRight";
				INFOPLIST_KEY_UISupportedInterfaceOrientations_iPhone = "UIInterfaceOrientationPortrait UIInterfaceOrientationLandscapeLeft UIInterfaceOrientationLandscapeRight";
				LD_RUNPATH_SEARCH_PATHS = (
					"$(inherited)",
					"@executable_path/Frameworks",
				);
				MARKETING_VERSION = 1.0;
				PRODUCT_BUNDLE_IDENTIFIER = sam.Scrumdinger;
				PRODUCT_NAME = "$(TARGET_NAME)";
				SWIFT_EMIT_LOC_STRINGS = YES;
				SWIFT_VERSION = 5.0;
				TARGETED_DEVICE_FAMILY = "1,2";
			};
			name = Release;
		};
		4764B1472C42D92300815053 /* Debug */ = {
			isa = XCBuildConfiguration;
			buildSettings = {
				ALWAYS_EMBED_SWIFT_STANDARD_LIBRARIES = YES;
				BUNDLE_LOADER = "$(TEST_HOST)";
				CODE_SIGN_STYLE = Automatic;
				CURRENT_PROJECT_VERSION = 1;
				GENERATE_INFOPLIST_FILE = YES;
				IPHONEOS_DEPLOYMENT_TARGET = 17.5;
				MARKETING_VERSION = 1.0;
				PRODUCT_BUNDLE_IDENTIFIER = sam.ScrumdingerTests;
				PRODUCT_NAME = "$(TARGET_NAME)";
				SWIFT_EMIT_LOC_STRINGS = NO;
				SWIFT_VERSION = 5.0;
				TARGETED_DEVICE_FAMILY = "1,2";
				TEST_HOST = "$(BUILT_PRODUCTS_DIR)/Scrumdinger.app/$(BUNDLE_EXECUTABLE_FOLDER_PATH)/Scrumdinger";
			};
			name = Debug;
		};
		4764B1482C42D92300815053 /* Release */ = {
			isa = XCBuildConfiguration;
			buildSettings = {
				ALWAYS_EMBED_SWIFT_STANDARD_LIBRARIES = YES;
				BUNDLE_LOADER = "$(TEST_HOST)";
				CODE_SIGN_STYLE = Automatic;
				CURRENT_PROJECT_VERSION = 1;
				GENERATE_INFOPLIST_FILE = YES;
				IPHONEOS_DEPLOYMENT_TARGET = 17.5;
				MARKETING_VERSION = 1.0;
				PRODUCT_BUNDLE_IDENTIFIER = sam.ScrumdingerTests;
				PRODUCT_NAME = "$(TARGET_NAME)";
				SWIFT_EMIT_LOC_STRINGS = NO;
				SWIFT_VERSION = 5.0;
				TARGETED_DEVICE_FAMILY = "1,2";
				TEST_HOST = "$(BUILT_PRODUCTS_DIR)/Scrumdinger.app/$(BUNDLE_EXECUTABLE_FOLDER_PATH)/Scrumdinger";
			};
			name = Release;
		};
		4764B14A2C42D92300815053 /* Debug */ = {
			isa = XCBuildConfiguration;
			buildSettings = {
				ALWAYS_EMBED_SWIFT_STANDARD_LIBRARIES = YES;
				CODE_SIGN_STYLE = Automatic;
				CURRENT_PROJECT_VERSION = 1;
				GENERATE_INFOPLIST_FILE = YES;
				MARKETING_VERSION = 1.0;
				PRODUCT_BUNDLE_IDENTIFIER = sam.ScrumdingerUITests;
				PRODUCT_NAME = "$(TARGET_NAME)";
				SWIFT_EMIT_LOC_STRINGS = NO;
				SWIFT_VERSION = 5.0;
				TARGETED_DEVICE_FAMILY = "1,2";
				TEST_TARGET_NAME = Scrumdinger;
			};
			name = Debug;
		};
		4764B14B2C42D92300815053 /* Release */ = {
			isa = XCBuildConfiguration;
			buildSettings = {
				ALWAYS_EMBED_SWIFT_STANDARD_LIBRARIES = YES;
				CODE_SIGN_STYLE = Automatic;
				CURRENT_PROJECT_VERSION = 1;
				GENERATE_INFOPLIST_FILE = YES;
				MARKETING_VERSION = 1.0;
				PRODUCT_BUNDLE_IDENTIFIER = sam.ScrumdingerUITests;
				PRODUCT_NAME = "$(TARGET_NAME)";
				SWIFT_EMIT_LOC_STRINGS = NO;
				SWIFT_VERSION = 5.0;
				TARGETED_DEVICE_FAMILY = "1,2";
				TEST_TARGET_NAME = Scrumdinger;
			};
			name = Release;
		};
/* End XCBuildConfiguration section */

/* Begin XCConfigurationList section */
		4764B11A2C42D92000815053 /* Build configuration list for PBXProject "Scrumdinger" */ = {
			isa = XCConfigurationList;
			buildConfigurations = (
				4764B1412C42D92300815053 /* Debug */,
				4764B1422C42D92300815053 /* Release */,
			);
			defaultConfigurationIsVisible = 0;
			defaultConfigurationName = Release;
		};
		4764B1432C42D92300815053 /* Build configuration list for PBXNativeTarget "Scrumdinger" */ = {
			isa = XCConfigurationList;
			buildConfigurations = (
				4764B1442C42D92300815053 /* Debug */,
				4764B1452C42D92300815053 /* Release */,
			);
			defaultConfigurationIsVisible = 0;
			defaultConfigurationName = Release;
		};
		4764B1462C42D92300815053 /* Build configuration list for PBXNativeTarget "ScrumdingerTests" */ = {
			isa = XCConfigurationList;
			buildConfigurations = (
				4764B1472C42D92300815053 /* Debug */,
				4764B1482C42D92300815053 /* Release */,
			);
			defaultConfigurationIsVisible = 0;
			defaultConfigurationName = Release;
		};
		4764B1492C42D92300815053 /* Build configuration list for PBXNativeTarget "ScrumdingerUITests" */ = {
			isa = XCConfigurationList;
			buildConfigurations = (
				4764B14A2C42D92300815053 /* Debug */,
				4764B14B2C42D92300815053 /* Release */,
			);
			defaultConfigurationIsVisible = 0;
			defaultConfigurationName = Release;
		};
/* End XCConfigurationList section */
	};
	rootObject = 4764B1172C42D92000815053 /* Project object */;
}
